Microsoft Visual Studio Solution File, Format Version 12.00
# Visual Studio 15
Project("{8BC9CEB8-8B4A-11D0-8D11-00A0C91BC942}") = "ALL_BUILD", "ALL_BUILD.vcxproj", "{712748E1-87E3-3183-9D4D-8E51D4D70901}"
	ProjectSection(ProjectDependencies) = postProject
		{24325B83-A883-34CA-B3FC-7B5B91957559} = {24325B83-A883-34CA-B3FC-7B5B91957559}
	EndProjectSection
EndProject
Project("{8BC9CEB8-8B4A-11D0-8D11-00A0C91BC942}") = "ZERO_CHECK", "ZERO_CHECK.vcxproj", "{24325B83-A883-34CA-B3FC-7B5B91957559}"
	ProjectSection(ProjectDependencies) = postProject
	EndProjectSection
EndProject
Global
	GlobalSection(SolutionConfigurationPlatforms) = preSolution
		Debug|Win32 = Debug|Win32
		Release|Win32 = Release|Win32
		MinSizeRel|Win32 = MinSizeRel|Win32
		RelWithDebInfo|Win32 = RelWithDebInfo|Win32
	EndGlobalSection
	GlobalSection(ProjectConfigurationPlatforms) = postSolution
		{712748E1-87E3-3183-9D4D-8E51D4D70901}.Debug|Win32.ActiveCfg = Debug|Win32
		{712748E1-87E3-3183-9D4D-8E51D4D70901}.Release|Win32.ActiveCfg = Release|Win32
		{712748E1-87E3-3183-9D4D-8E51D4D70901}.MinSizeRel|Win32.ActiveCfg = MinSizeRel|Win32
		{712748E1-87E3-3183-9D4D-8E51D4D70901}.RelWithDebInfo|Win32.ActiveCfg = RelWithDebInfo|Win32
		{24325B83-A883-34CA-B3FC-7B5B91957559}.Debug|Win32.ActiveCfg = Debug|Win32
		{24325B83-A883-34CA-B3FC-7B5B91957559}.Debug|Win32.Build.0 = Debug|Win32
		{24325B83-A883-34CA-B3FC-7B5B91957559}.Release|Win32.ActiveCfg = Release|Win32
		{24325B83-A883-34CA-B3FC-7B5B91957559}.Release|Win32.Build.0 = Release|Win32
		{24325B83-A883-34CA-B3FC-7B5B91957559}.MinSizeRel|Win32.ActiveCfg = MinSizeRel|Win32
		{24325B83-A883-34CA-B3FC-7B5B91957559}.MinSizeRel|Win32.Build.0 = MinSizeRel|Win32
		{24325B83-A883-34CA-B3FC-7B5B91957559}.RelWithDebInfo|Win32.ActiveCfg = RelWithDebInfo|Win32
		{24325B83-A883-34CA-B3FC-7B5B91957559}.RelWithDebInfo|Win32.Build.0 = RelWithDebInfo|Win32
	EndGlobalSection
	GlobalSection(ExtensibilityGlobals) = postSolution
		SolutionGuid = {4C62181A-019C-322F-953A-017A7354F834}
	EndGlobalSection
	GlobalSection(ExtensibilityAddIns) = postSolution
	EndGlobalSection
EndGlobal
