
Microsoft Visual Studio Solution File, Format Version 12.00
# Visual Studio Version 17
VisualStudioVersion = 17.4.33213.308
MinimumVisualStudioVersion = 10.0.40219.1
Project("{8BC9CEB8-8B4A-11D0-8D11-00A0C91BC942}") = "CLGLib", "CLGLib\CLGLib.vcxproj", "{B7501840-96AB-471E-BA14-9E825D0C63C8}"
EndProject
Project("{8BC9CEB8-8B4A-11D0-8D11-00A0C91BC942}") = "CLGTest", "CLGTest\CLGTest.vcxproj", "{B7BAB959-BE41-4665-B57F-4CF2E0740728}"
	ProjectSection(ProjectDependencies) = postProject
		{B7501840-96AB-471E-BA14-9E825D0C63C8} = {B7501840-96AB-471E-BA14-9E825D0C63C8}
	EndProjectSection
EndProject
Project("{2150E333-8FDC-42A3-9474-1A3956D46DE8}") = "Solution Items", "Solution Items", "{C1DC71A4-292C-4D41-95CD-F5CCB9CAEE03}"
	ProjectSection(SolutionItems) = preProject
		..\README.md = ..\README.md
		TODOList.txt = TODOList.txt
	EndProjectSection
EndProject
Project("{2150E333-8FDC-42A3-9474-1A3956D46DE8}") = "Applications", "Applications", "{4DF9AB29-B074-4F59-AEB8-665505121FEF}"
EndProject
Project("{2150E333-8FDC-42A3-9474-1A3956D46DE8}") = "Tools", "Tools", "{34C5CE0E-639F-4C49-A9E2-C0B81D57F466}"
EndProject
Project("{8BC9CEB8-8B4A-11D0-8D11-00A0C91BC942}") = "RotatingReproducer", "Applications\RotatingReproduce\RotatingReproduce.vcxproj", "{E2E35AEC-1558-4A07-A00A-E56E5AC6B6F9}"
	ProjectSection(ProjectDependencies) = postProject
		{B7501840-96AB-471E-BA14-9E825D0C63C8} = {B7501840-96AB-471E-BA14-9E825D0C63C8}
	EndProjectSection
EndProject
Project("{8BC9CEB8-8B4A-11D0-8D11-00A0C91BC942}") = "MatchingRho", "Applications\MatchingRho\MatchingRho.vcxproj", "{A8390F3A-7499-4276-B9F6-C8248E6E0A0D}"
	ProjectSection(ProjectDependencies) = postProject
		{B7501840-96AB-471E-BA14-9E825D0C63C8} = {B7501840-96AB-471E-BA14-9E825D0C63C8}
	EndProjectSection
EndProject
Project("{8BC9CEB8-8B4A-11D0-8D11-00A0C91BC942}") = "ConfigurationCompresser", "Applications\ConfigurationCompresser\ConfigurationCompresser.vcxproj", "{A63A908F-1B22-4127-B076-6CDA2DEBC167}"
	ProjectSection(ProjectDependencies) = postProject
		{B7501840-96AB-471E-BA14-9E825D0C63C8} = {B7501840-96AB-471E-BA14-9E825D0C63C8}
	EndProjectSection
EndProject
Project("{8BC9CEB8-8B4A-11D0-8D11-00A0C91BC942}") = "ConstAcc", "Applications\ConstAcc\ConstAcc.vcxproj", "{392CE519-7F1F-4B37-860D-5EEC43F5F0B3}"
	ProjectSection(ProjectDependencies) = postProject
		{B7501840-96AB-471E-BA14-9E825D0C63C8} = {B7501840-96AB-471E-BA14-9E825D0C63C8}
	EndProjectSection
EndProject
Project("{8BC9CEB8-8B4A-11D0-8D11-00A0C91BC942}") = "StaggeredSpectrum", "Applications\StaggeredSpectrum\StaggeredSpectrum.vcxproj", "{F0EF38E4-3901-41F4-93FA-79E7B54AC05A}"
	ProjectSection(ProjectDependencies) = postProject
		{B7501840-96AB-471E-BA14-9E825D0C63C8} = {B7501840-96AB-471E-BA14-9E825D0C63C8}
	EndProjectSection
EndProject
Project("{8BC9CEB8-8B4A-11D0-8D11-00A0C91BC942}") = "StaggeredRotation", "Applications\StaggeredRotation\StaggeredRotation.vcxproj", "{A1A59640-F18A-4BDB-BB46-4A1213E889AD}"
	ProjectSection(ProjectDependencies) = postProject
		{B7501840-96AB-471E-BA14-9E825D0C63C8} = {B7501840-96AB-471E-BA14-9E825D0C63C8}
	EndProjectSection
EndProject
Project("{9A19103F-16F7-4668-BE54-9A1E7A4F7556}") = "UnicodeChecker", "Tools\UnicodeChecker\UnicodeChecker.csproj", "{ED8FBF67-49B8-4D82-9551-2A48AA7D7B08}"
EndProject
Project("{8BC9CEB8-8B4A-11D0-8D11-00A0C91BC942}") = "BetaGradient", "Applications\BetaGradient\BetaGradient.vcxproj", "{923A79D4-C470-4D72-BDC4-F04658E5FDE0}"
	ProjectSection(ProjectDependencies) = postProject
		{B7501840-96AB-471E-BA14-9E825D0C63C8} = {B7501840-96AB-471E-BA14-9E825D0C63C8}
	EndProjectSection
EndProject
Project("{8BC9CEB8-8B4A-11D0-8D11-00A0C91BC942}") = "ElectricChemical", "Applications\ElectricChemical\ElectricChemical.vcxproj", "{B1FF5EC2-E447-497C-8DF4-292D19DB0AF2}"
	ProjectSection(ProjectDependencies) = postProject
		{B7501840-96AB-471E-BA14-9E825D0C63C8} = {B7501840-96AB-471E-BA14-9E825D0C63C8}
	EndProjectSection
EndProject
Project("{FAE04EC0-301F-11D3-BF4B-00C04F79EFBC}") = "CLGMakeWriter", "Tools\CLGMakeWriter\CLGMakeWriter.csproj", "{895A420A-C9F3-48B5-AED4-8B2D3355CB91}"
EndProject
Global
	GlobalSection(SolutionConfigurationPlatforms) = preSolution
		Debug|Any CPU = Debug|Any CPU
		Debug|x64 = Debug|x64
		Debug|x86 = Debug|x86
		Release|Any CPU = Release|Any CPU
		Release|x64 = Release|x64
		Release|x86 = Release|x86
	EndGlobalSection
	GlobalSection(ProjectConfigurationPlatforms) = postSolution
		{B7501840-96AB-471E-BA14-9E825D0C63C8}.Debug|Any CPU.ActiveCfg = Debug|x64
		{B7501840-96AB-471E-BA14-9E825D0C63C8}.Debug|x64.ActiveCfg = Debug|x64
		{B7501840-96AB-471E-BA14-9E825D0C63C8}.Debug|x64.Build.0 = Debug|x64
		{B7501840-96AB-471E-BA14-9E825D0C63C8}.Debug|x86.ActiveCfg = Debug|Win32
		{B7501840-96AB-471E-BA14-9E825D0C63C8}.Release|Any CPU.ActiveCfg = Release|x64
		{B7501840-96AB-471E-BA14-9E825D0C63C8}.Release|x64.ActiveCfg = Release|x64
		{B7501840-96AB-471E-BA14-9E825D0C63C8}.Release|x64.Build.0 = Release|x64
		{B7501840-96AB-471E-BA14-9E825D0C63C8}.Release|x86.ActiveCfg = Release|Win32
		{B7BAB959-BE41-4665-B57F-4CF2E0740728}.Debug|Any CPU.ActiveCfg = Debug|x64
		{B7BAB959-BE41-4665-B57F-4CF2E0740728}.Debug|x64.ActiveCfg = Debug|x64
		{B7BAB959-BE41-4665-B57F-4CF2E0740728}.Debug|x64.Build.0 = Debug|x64
		{B7BAB959-BE41-4665-B57F-4CF2E0740728}.Debug|x86.ActiveCfg = Debug|Win32
		{B7BAB959-BE41-4665-B57F-4CF2E0740728}.Release|Any CPU.ActiveCfg = Release|x64
		{B7BAB959-BE41-4665-B57F-4CF2E0740728}.Release|x64.ActiveCfg = Release|x64
		{B7BAB959-BE41-4665-B57F-4CF2E0740728}.Release|x64.Build.0 = Release|x64
		{B7BAB959-BE41-4665-B57F-4CF2E0740728}.Release|x86.ActiveCfg = Release|x64
		{E2E35AEC-1558-4A07-A00A-E56E5AC6B6F9}.Debug|Any CPU.ActiveCfg = Debug|Win32
		{E2E35AEC-1558-4A07-A00A-E56E5AC6B6F9}.Debug|x64.ActiveCfg = Debug|x64
		{E2E35AEC-1558-4A07-A00A-E56E5AC6B6F9}.Debug|x64.Build.0 = Debug|x64
		{E2E35AEC-1558-4A07-A00A-E56E5AC6B6F9}.Debug|x86.ActiveCfg = Debug|Win32
		{E2E35AEC-1558-4A07-A00A-E56E5AC6B6F9}.Debug|x86.Build.0 = Debug|Win32
		{E2E35AEC-1558-4A07-A00A-E56E5AC6B6F9}.Release|Any CPU.ActiveCfg = Release|Win32
		{E2E35AEC-1558-4A07-A00A-E56E5AC6B6F9}.Release|x64.ActiveCfg = Release|x64
		{E2E35AEC-1558-4A07-A00A-E56E5AC6B6F9}.Release|x64.Build.0 = Release|x64
		{E2E35AEC-1558-4A07-A00A-E56E5AC6B6F9}.Release|x86.ActiveCfg = Release|Win32
		{E2E35AEC-1558-4A07-A00A-E56E5AC6B6F9}.Release|x86.Build.0 = Release|Win32
		{A8390F3A-7499-4276-B9F6-C8248E6E0A0D}.Debug|Any CPU.ActiveCfg = Debug|Win32
		{A8390F3A-7499-4276-B9F6-C8248E6E0A0D}.Debug|x64.ActiveCfg = Debug|x64
		{A8390F3A-7499-4276-B9F6-C8248E6E0A0D}.Debug|x64.Build.0 = Debug|x64
		{A8390F3A-7499-4276-B9F6-C8248E6E0A0D}.Debug|x86.ActiveCfg = Debug|Win32
		{A8390F3A-7499-4276-B9F6-C8248E6E0A0D}.Debug|x86.Build.0 = Debug|Win32
		{A8390F3A-7499-4276-B9F6-C8248E6E0A0D}.Release|Any CPU.ActiveCfg = Release|Win32
		{A8390F3A-7499-4276-B9F6-C8248E6E0A0D}.Release|x64.ActiveCfg = Release|x64
		{A8390F3A-7499-4276-B9F6-C8248E6E0A0D}.Release|x64.Build.0 = Release|x64
		{A8390F3A-7499-4276-B9F6-C8248E6E0A0D}.Release|x86.ActiveCfg = Release|Win32
		{A8390F3A-7499-4276-B9F6-C8248E6E0A0D}.Release|x86.Build.0 = Release|Win32
		{A63A908F-1B22-4127-B076-6CDA2DEBC167}.Debug|Any CPU.ActiveCfg = Debug|Win32
		{A63A908F-1B22-4127-B076-6CDA2DEBC167}.Debug|x64.ActiveCfg = Debug|x64
		{A63A908F-1B22-4127-B076-6CDA2DEBC167}.Debug|x64.Build.0 = Debug|x64
		{A63A908F-1B22-4127-B076-6CDA2DEBC167}.Debug|x86.ActiveCfg = Debug|Win32
		{A63A908F-1B22-4127-B076-6CDA2DEBC167}.Debug|x86.Build.0 = Debug|Win32
		{A63A908F-1B22-4127-B076-6CDA2DEBC167}.Release|Any CPU.ActiveCfg = Release|Win32
		{A63A908F-1B22-4127-B076-6CDA2DEBC167}.Release|x64.ActiveCfg = Release|x64
		{A63A908F-1B22-4127-B076-6CDA2DEBC167}.Release|x64.Build.0 = Release|x64
		{A63A908F-1B22-4127-B076-6CDA2DEBC167}.Release|x86.ActiveCfg = Release|Win32
		{A63A908F-1B22-4127-B076-6CDA2DEBC167}.Release|x86.Build.0 = Release|Win32
		{392CE519-7F1F-4B37-860D-5EEC43F5F0B3}.Debug|Any CPU.ActiveCfg = Debug|Win32
		{392CE519-7F1F-4B37-860D-5EEC43F5F0B3}.Debug|x64.ActiveCfg = Debug|x64
		{392CE519-7F1F-4B37-860D-5EEC43F5F0B3}.Debug|x64.Build.0 = Debug|x64
		{392CE519-7F1F-4B37-860D-5EEC43F5F0B3}.Debug|x86.ActiveCfg = Debug|Win32
		{392CE519-7F1F-4B37-860D-5EEC43F5F0B3}.Debug|x86.Build.0 = Debug|Win32
		{392CE519-7F1F-4B37-860D-5EEC43F5F0B3}.Release|Any CPU.ActiveCfg = Release|Win32
		{392CE519-7F1F-4B37-860D-5EEC43F5F0B3}.Release|x64.ActiveCfg = Release|x64
		{392CE519-7F1F-4B37-860D-5EEC43F5F0B3}.Release|x64.Build.0 = Release|x64
		{392CE519-7F1F-4B37-860D-5EEC43F5F0B3}.Release|x86.ActiveCfg = Release|Win32
		{392CE519-7F1F-4B37-860D-5EEC43F5F0B3}.Release|x86.Build.0 = Release|Win32
		{F0EF38E4-3901-41F4-93FA-79E7B54AC05A}.Debug|Any CPU.ActiveCfg = Debug|Win32
		{F0EF38E4-3901-41F4-93FA-79E7B54AC05A}.Debug|x64.ActiveCfg = Debug|x64
		{F0EF38E4-3901-41F4-93FA-79E7B54AC05A}.Debug|x64.Build.0 = Debug|x64
		{F0EF38E4-3901-41F4-93FA-79E7B54AC05A}.Debug|x86.ActiveCfg = Debug|Win32
		{F0EF38E4-3901-41F4-93FA-79E7B54AC05A}.Debug|x86.Build.0 = Debug|Win32
		{F0EF38E4-3901-41F4-93FA-79E7B54AC05A}.Release|Any CPU.ActiveCfg = Release|Win32
		{F0EF38E4-3901-41F4-93FA-79E7B54AC05A}.Release|x64.ActiveCfg = Release|x64
		{F0EF38E4-3901-41F4-93FA-79E7B54AC05A}.Release|x64.Build.0 = Release|x64
		{F0EF38E4-3901-41F4-93FA-79E7B54AC05A}.Release|x86.ActiveCfg = Release|Win32
		{F0EF38E4-3901-41F4-93FA-79E7B54AC05A}.Release|x86.Build.0 = Release|Win32
		{A1A59640-F18A-4BDB-BB46-4A1213E889AD}.Debug|Any CPU.ActiveCfg = Debug|Win32
		{A1A59640-F18A-4BDB-BB46-4A1213E889AD}.Debug|x64.ActiveCfg = Debug|x64
		{A1A59640-F18A-4BDB-BB46-4A1213E889AD}.Debug|x64.Build.0 = Debug|x64
		{A1A59640-F18A-4BDB-BB46-4A1213E889AD}.Debug|x86.ActiveCfg = Debug|Win32
		{A1A59640-F18A-4BDB-BB46-4A1213E889AD}.Debug|x86.Build.0 = Debug|Win32
		{A1A59640-F18A-4BDB-BB46-4A1213E889AD}.Release|Any CPU.ActiveCfg = Release|Win32
		{A1A59640-F18A-4BDB-BB46-4A1213E889AD}.Release|x64.ActiveCfg = Release|x64
		{A1A59640-F18A-4BDB-BB46-4A1213E889AD}.Release|x64.Build.0 = Release|x64
		{A1A59640-F18A-4BDB-BB46-4A1213E889AD}.Release|x86.ActiveCfg = Release|Win32
		{A1A59640-F18A-4BDB-BB46-4A1213E889AD}.Release|x86.Build.0 = Release|Win32
		{ED8FBF67-49B8-4D82-9551-2A48AA7D7B08}.Debug|Any CPU.ActiveCfg = Debug|Any CPU
		{ED8FBF67-49B8-4D82-9551-2A48AA7D7B08}.Debug|Any CPU.Build.0 = Debug|Any CPU
		{ED8FBF67-49B8-4D82-9551-2A48AA7D7B08}.Debug|x64.ActiveCfg = Debug|Any CPU
		{ED8FBF67-49B8-4D82-9551-2A48AA7D7B08}.Debug|x64.Build.0 = Debug|Any CPU
		{ED8FBF67-49B8-4D82-9551-2A48AA7D7B08}.Debug|x86.ActiveCfg = Debug|Any CPU
		{ED8FBF67-49B8-4D82-9551-2A48AA7D7B08}.Debug|x86.Build.0 = Debug|Any CPU
		{ED8FBF67-49B8-4D82-9551-2A48AA7D7B08}.Release|Any CPU.ActiveCfg = Release|Any CPU
		{ED8FBF67-49B8-4D82-9551-2A48AA7D7B08}.Release|Any CPU.Build.0 = Release|Any CPU
		{ED8FBF67-49B8-4D82-9551-2A48AA7D7B08}.Release|x64.ActiveCfg = Release|Any CPU
		{ED8FBF67-49B8-4D82-9551-2A48AA7D7B08}.Release|x64.Build.0 = Release|Any CPU
		{ED8FBF67-49B8-4D82-9551-2A48AA7D7B08}.Release|x86.ActiveCfg = Release|Any CPU
		{ED8FBF67-49B8-4D82-9551-2A48AA7D7B08}.Release|x86.Build.0 = Release|Any CPU
		{923A79D4-C470-4D72-BDC4-F04658E5FDE0}.Debug|Any CPU.ActiveCfg = Debug|Win32
		{923A79D4-C470-4D72-BDC4-F04658E5FDE0}.Debug|x64.ActiveCfg = Debug|x64
		{923A79D4-C470-4D72-BDC4-F04658E5FDE0}.Debug|x64.Build.0 = Debug|x64
		{923A79D4-C470-4D72-BDC4-F04658E5FDE0}.Debug|x86.ActiveCfg = Debug|Win32
		{923A79D4-C470-4D72-BDC4-F04658E5FDE0}.Debug|x86.Build.0 = Debug|Win32
		{923A79D4-C470-4D72-BDC4-F04658E5FDE0}.Release|Any CPU.ActiveCfg = Release|Win32
		{923A79D4-C470-4D72-BDC4-F04658E5FDE0}.Release|x64.ActiveCfg = Release|x64
		{923A79D4-C470-4D72-BDC4-F04658E5FDE0}.Release|x64.Build.0 = Release|x64
		{923A79D4-C470-4D72-BDC4-F04658E5FDE0}.Release|x86.ActiveCfg = Release|Win32
		{923A79D4-C470-4D72-BDC4-F04658E5FDE0}.Release|x86.Build.0 = Release|Win32
		{B1FF5EC2-E447-497C-8DF4-292D19DB0AF2}.Debug|Any CPU.ActiveCfg = Debug|Win32
		{B1FF5EC2-E447-497C-8DF4-292D19DB0AF2}.Debug|x64.ActiveCfg = Debug|x64
		{B1FF5EC2-E447-497C-8DF4-292D19DB0AF2}.Debug|x64.Build.0 = Debug|x64
		{B1FF5EC2-E447-497C-8DF4-292D19DB0AF2}.Debug|x86.ActiveCfg = Debug|Win32
		{B1FF5EC2-E447-497C-8DF4-292D19DB0AF2}.Debug|x86.Build.0 = Debug|Win32
		{B1FF5EC2-E447-497C-8DF4-292D19DB0AF2}.Release|Any CPU.ActiveCfg = Release|Win32
		{B1FF5EC2-E447-497C-8DF4-292D19DB0AF2}.Release|x64.ActiveCfg = Release|x64
		{B1FF5EC2-E447-497C-8DF4-292D19DB0AF2}.Release|x64.Build.0 = Release|x64
		{B1FF5EC2-E447-497C-8DF4-292D19DB0AF2}.Release|x86.ActiveCfg = Release|Win32
		{B1FF5EC2-E447-497C-8DF4-292D19DB0AF2}.Release|x86.Build.0 = Release|Win32
		{895A420A-C9F3-48B5-AED4-8B2D3355CB91}.Debug|Any CPU.ActiveCfg = Debug|Any CPU
		{895A420A-C9F3-48B5-AED4-8B2D3355CB91}.Debug|Any CPU.Build.0 = Debug|Any CPU
		{895A420A-C9F3-48B5-AED4-8B2D3355CB91}.Debug|x64.ActiveCfg = Debug|Any CPU
		{895A420A-C9F3-48B5-AED4-8B2D3355CB91}.Debug|x64.Build.0 = Debug|Any CPU
		{895A420A-C9F3-48B5-AED4-8B2D3355CB91}.Debug|x86.ActiveCfg = Debug|Any CPU
		{895A420A-C9F3-48B5-AED4-8B2D3355CB91}.Debug|x86.Build.0 = Debug|Any CPU
		{895A420A-C9F3-48B5-AED4-8B2D3355CB91}.Release|Any CPU.ActiveCfg = Release|Any CPU
		{895A420A-C9F3-48B5-AED4-8B2D3355CB91}.Release|Any CPU.Build.0 = Release|Any CPU
		{895A420A-C9F3-48B5-AED4-8B2D3355CB91}.Release|x64.ActiveCfg = Release|Any CPU
		{895A420A-C9F3-48B5-AED4-8B2D3355CB91}.Release|x64.Build.0 = Release|Any CPU
		{895A420A-C9F3-48B5-AED4-8B2D3355CB91}.Release|x86.ActiveCfg = Release|Any CPU
		{895A420A-C9F3-48B5-AED4-8B2D3355CB91}.Release|x86.Build.0 = Release|Any CPU
	EndGlobalSection
	GlobalSection(SolutionProperties) = preSolution
		HideSolutionNode = FALSE
	EndGlobalSection
	GlobalSection(NestedProjects) = preSolution
		{E2E35AEC-1558-4A07-A00A-E56E5AC6B6F9} = {4DF9AB29-B074-4F59-AEB8-665505121FEF}
		{A8390F3A-7499-4276-B9F6-C8248E6E0A0D} = {4DF9AB29-B074-4F59-AEB8-665505121FEF}
		{A63A908F-1B22-4127-B076-6CDA2DEBC167} = {4DF9AB29-B074-4F59-AEB8-665505121FEF}
		{392CE519-7F1F-4B37-860D-5EEC43F5F0B3} = {4DF9AB29-B074-4F59-AEB8-665505121FEF}
		{F0EF38E4-3901-41F4-93FA-79E7B54AC05A} = {4DF9AB29-B074-4F59-AEB8-665505121FEF}
		{A1A59640-F18A-4BDB-BB46-4A1213E889AD} = {4DF9AB29-B074-4F59-AEB8-665505121FEF}
		{ED8FBF67-49B8-4D82-9551-2A48AA7D7B08} = {34C5CE0E-639F-4C49-A9E2-C0B81D57F466}
		{923A79D4-C470-4D72-BDC4-F04658E5FDE0} = {4DF9AB29-B074-4F59-AEB8-665505121FEF}
		{B1FF5EC2-E447-497C-8DF4-292D19DB0AF2} = {4DF9AB29-B074-4F59-AEB8-665505121FEF}
		{895A420A-C9F3-48B5-AED4-8B2D3355CB91} = {34C5CE0E-639F-4C49-A9E2-C0B81D57F466}
	EndGlobalSection
	GlobalSection(ExtensibilityGlobals) = postSolution
		SolutionGuid = {20E61A3B-2915-47D5-ADA1-CCA5BC8F272E}
	EndGlobalSection
EndGlobal
