
Microsoft Visual Studio Solution File, Format Version 12.00
# Visual Studio 15
VisualStudioVersion = 15.0.26430.14
MinimumVisualStudioVersion = 10.0.40219.1
Project("{8BC9CEB8-8B4A-11D0-8D11-00A0C91BC942}") = "CLGLib", "CLGLib\CLGLib.vcxproj", "{B7501840-96AB-471E-BA14-9E825D0C63C8}"
EndProject
Project("{8BC9CEB8-8B4A-11D0-8D11-00A0C91BC942}") = "CLGTest", "CLGTest\CLGTest.vcxproj", "{B7BAB959-BE41-4665-B57F-4CF2E0740728}"
	ProjectSection(ProjectDependencies) = postProject
		{B7501840-96AB-471E-BA14-9E825D0C63C8} = {B7501840-96AB-471E-BA14-9E825D0C63C8}
	EndProjectSection
EndProject
Project("{8BC9CEB8-8B4A-11D0-8D11-00A0C91BC942}") = "CudaLibTest", "CudaLibTest\CudaLibTest.vcxproj", "{B4269890-49D2-4BE5-BA4F-B8635EA9795D}"
EndProject
Project("{2150E333-8FDC-42A3-9474-1A3956D46DE8}") = "Solution Items", "Solution Items", "{C1DC71A4-292C-4D41-95CD-F5CCB9CAEE03}"
	ProjectSection(SolutionItems) = preProject
		..\README.md = ..\README.md
		TODOList.txt = TODOList.txt
	EndProjectSection
EndProject
Global
	GlobalSection(SolutionConfigurationPlatforms) = preSolution
		Debug|Any CPU = Debug|Any CPU
		Debug|x64 = Debug|x64
		Debug|x86 = Debug|x86
		Release|Any CPU = Release|Any CPU
		Release|x64 = Release|x64
		Release|x86 = Release|x86
	EndGlobalSection
	GlobalSection(ProjectConfigurationPlatforms) = postSolution
		{B7501840-96AB-471E-BA14-9E825D0C63C8}.Debug|Any CPU.ActiveCfg = Debug|x64
		{B7501840-96AB-471E-BA14-9E825D0C63C8}.Debug|x64.ActiveCfg = Debug|x64
		{B7501840-96AB-471E-BA14-9E825D0C63C8}.Debug|x64.Build.0 = Debug|x64
		{B7501840-96AB-471E-BA14-9E825D0C63C8}.Debug|x86.ActiveCfg = Debug|Win32
		{B7501840-96AB-471E-BA14-9E825D0C63C8}.Release|Any CPU.ActiveCfg = Release|x64
		{B7501840-96AB-471E-BA14-9E825D0C63C8}.Release|x64.ActiveCfg = Release|x64
		{B7501840-96AB-471E-BA14-9E825D0C63C8}.Release|x64.Build.0 = Release|x64
		{B7501840-96AB-471E-BA14-9E825D0C63C8}.Release|x86.ActiveCfg = Release|Win32
		{B7BAB959-BE41-4665-B57F-4CF2E0740728}.Debug|Any CPU.ActiveCfg = Debug|x64
		{B7BAB959-BE41-4665-B57F-4CF2E0740728}.Debug|x64.ActiveCfg = Debug|x64
		{B7BAB959-BE41-4665-B57F-4CF2E0740728}.Debug|x64.Build.0 = Debug|x64
		{B7BAB959-BE41-4665-B57F-4CF2E0740728}.Debug|x86.ActiveCfg = Debug|Win32
		{B7BAB959-BE41-4665-B57F-4CF2E0740728}.Release|Any CPU.ActiveCfg = Release|x64
		{B7BAB959-BE41-4665-B57F-4CF2E0740728}.Release|x64.ActiveCfg = Release|x64
		{B7BAB959-BE41-4665-B57F-4CF2E0740728}.Release|x64.Build.0 = Release|x64
		{B7BAB959-BE41-4665-B57F-4CF2E0740728}.Release|x86.ActiveCfg = Release|x64
		{B4269890-49D2-4BE5-BA4F-B8635EA9795D}.Debug|Any CPU.ActiveCfg = Debug|x64
		{B4269890-49D2-4BE5-BA4F-B8635EA9795D}.Debug|x64.ActiveCfg = Debug|x64
		{B4269890-49D2-4BE5-BA4F-B8635EA9795D}.Debug|x64.Build.0 = Debug|x64
		{B4269890-49D2-4BE5-BA4F-B8635EA9795D}.Debug|x86.ActiveCfg = Debug|Win32
		{B4269890-49D2-4BE5-BA4F-B8635EA9795D}.Release|Any CPU.ActiveCfg = Release|x64
		{B4269890-49D2-4BE5-BA4F-B8635EA9795D}.Release|x64.ActiveCfg = Release|x64
		{B4269890-49D2-4BE5-BA4F-B8635EA9795D}.Release|x64.Build.0 = Release|x64
		{B4269890-49D2-4BE5-BA4F-B8635EA9795D}.Release|x86.ActiveCfg = Release|x64
		{B4269890-49D2-4BE5-BA4F-B8635EA9795D}.Release|x86.Build.0 = Release|Win32
	EndGlobalSection
	GlobalSection(SolutionProperties) = preSolution
		HideSolutionNode = FALSE
	EndGlobalSection
	GlobalSection(ExtensibilityGlobals) = postSolution
		SolutionGuid = {20E61A3B-2915-47D5-ADA1-CCA5BC8F272E}
	EndGlobalSection
EndGlobal
