<?xml version="1.0" encoding="utf-8"?>
<Project ToolsVersion="4.0" xmlns="http://schemas.microsoft.com/developer/msbuild/2003">
  <ItemGroup>
    <ClCompile Include="CLGTest.cpp" />
    <ClCompile Include="Tests\TestRandom.cpp">
      <Filter>Tests</Filter>
    </ClCompile>
    <ClCompile Include="Tests\TestUpdator.cpp">
      <Filter>Tests</Filter>
    </ClCompile>
    <ClCompile Include="Tests\TestConfigurationFileIO.cpp">
      <Filter>Tests</Filter>
    </ClCompile>
    <ClCompile Include="Tests\TestSolver.cpp">
      <Filter>Tests</Filter>
    </ClCompile>
    <ClCompile Include="Tests\TestFermionUpdator.cpp">
      <Filter>Tests</Filter>
    </ClCompile>
    <ClCompile Include="Tests\TestBoundary.cpp">
      <Filter>Tests</Filter>
    </ClCompile>
    <ClCompile Include="Tests\TestGaugeFixing.cpp">
      <Filter>Tests</Filter>
    </ClCompile>
    <ClCompile Include="Tests\TestAngularMomentum.cpp">
      <Filter>Tests</Filter>
    </ClCompile>
    <ClCompile Include="Tests\TestCommon.cpp">
      <Filter>Tests</Filter>
    </ClCompile>
    <ClCompile Include="Tests\TestMultiShiftSolver.cpp">
      <Filter>Tests</Filter>
    </ClCompile>
    <ClCompile Include="Tests\TestKSUpdator.cpp">
      <Filter>Tests</Filter>
    </ClCompile>
    <ClCompile Include="Tests\TestRotationAcc.cpp">
      <Filter>Tests</Filter>
    </ClCompile>
    <ClCompile Include="Tests\TestFermionMatrix.cpp">
      <Filter>Tests</Filter>
    </ClCompile>
    <ClCompile Include="Tests\TestBoson.cpp">
      <Filter>Tests</Filter>
    </ClCompile>
    <ClCompile Include="Tests\TestSUN.cpp">
      <Filter>Tests</Filter>
    </ClCompile>
  </ItemGroup>
  <ItemGroup>
    <ClInclude Include="CLGTest.h" />
  </ItemGroup>
  <ItemGroup>
    <Filter Include="Tests">
      <UniqueIdentifier>{186a5d87-9702-43d4-b9ed-f9c57b98a1f7}</UniqueIdentifier>
    </Filter>
    <Filter Include="YAMLs">
      <UniqueIdentifier>{9976372d-b9be-4375-82aa-4311ae9b449e}</UniqueIdentifier>
    </Filter>
  </ItemGroup>
  <ItemGroup>
    <None Include="..\..\Bin\Debug\TestSuit.yaml">
      <Filter>YAMLs</Filter>
    </None>
    <None Include="..\..\Bin\Debug\TestSuit_Common.yaml">
      <Filter>YAMLs</Filter>
    </None>
    <None Include="..\..\Bin\Debug\TestSuit_Random.yaml">
      <Filter>YAMLs</Filter>
    </None>
    <None Include="..\..\Bin\Debug\TestSuit_Boundary.yaml">
      <Filter>YAMLs</Filter>
    </None>
    <None Include="..\..\Bin\Debug\TestSuit_FileIO.yaml">
      <Filter>YAMLs</Filter>
    </None>
    <None Include="..\..\Bin\Debug\TestSuit_FermionUpdator.yaml">
      <Filter>YAMLs</Filter>
    </None>
    <None Include="..\..\Bin\Debug\TestSuit_GaugeFixing.yaml">
      <Filter>YAMLs</Filter>
    </None>
    <None Include="..\..\Bin\Debug\TestSuit_Solver.yaml">
      <Filter>YAMLs</Filter>
    </None>
    <None Include="..\..\Bin\Debug\TestSuit_Updator.yaml">
      <Filter>YAMLs</Filter>
    </None>
    <None Include="..\..\Bin\Debug\TestSuit_MiscUpdate.yaml">
      <Filter>YAMLs</Filter>
    </None>
    <None Include="..\..\Bin\Debug\TestSuit_FermionUpdatorKS.yaml">
      <Filter>YAMLs</Filter>
    </None>
    <None Include="..\..\Bin\Debug\TestSuit_FermionMatrix.yaml">
      <Filter>YAMLs</Filter>
    </None>
    <None Include="..\..\Bin\Debug\TestSuit_Rotation.yaml">
      <Filter>YAMLs</Filter>
    </None>
    <None Include="..\..\Bin\Debug\TestSuit_Boson.yaml">
      <Filter>YAMLs</Filter>
    </None>
    <None Include="..\..\Bin\Debug\TestSuit_SUN.yaml">
      <Filter>YAMLs</Filter>
    </None>
  </ItemGroup>
</Project>