<?xml version="1.0" encoding="utf-8"?>
<Project ToolsVersion="4.0" xmlns="http://schemas.microsoft.com/developer/msbuild/2003">
  <ItemGroup>
    <Filter Include="Tools">
      <UniqueIdentifier>{6ae707c9-db0c-469e-a1f4-809ff3b8fe42}</UniqueIdentifier>
    </Filter>
    <Filter Include="Tools\Math">
      <UniqueIdentifier>{d459a53a-7846-4952-8d28-aa1579b4d6db}</UniqueIdentifier>
    </Filter>
    <Filter Include="Core">
      <UniqueIdentifier>{37e4dae5-8041-4dfb-8f2b-e29eae5af890}</UniqueIdentifier>
    </Filter>
    <Filter Include="Data">
      <UniqueIdentifier>{d101ef83-734e-479e-acdc-e5ceed58a835}</UniqueIdentifier>
    </Filter>
    <Filter Include="Platform">
      <UniqueIdentifier>{b21f22e0-ff7a-48a6-bf8e-b6edbb21420e}</UniqueIdentifier>
    </Filter>
    <Filter Include="Data\Field">
      <UniqueIdentifier>{d0136d33-fc41-4022-a4bd-005677db03ed}</UniqueIdentifier>
    </Filter>
    <Filter Include="Data\Lattice">
      <UniqueIdentifier>{ffcd1287-b6cc-44d8-b83a-bebdeac2ed6b}</UniqueIdentifier>
    </Filter>
    <Filter Include="Data\Action">
      <UniqueIdentifier>{e214c2b1-004d-4909-857a-c249e22d73be}</UniqueIdentifier>
    </Filter>
    <Filter Include="Data\Boundary">
      <UniqueIdentifier>{4daf0000-6eb6-4033-8f98-78c06508ba9d}</UniqueIdentifier>
    </Filter>
    <Filter Include="Update">
      <UniqueIdentifier>{9a6f1bb7-c9c4-44ad-8d83-26e907f4e875}</UniqueIdentifier>
    </Filter>
    <Filter Include="Update\Continous">
      <UniqueIdentifier>{ccb15a0d-9999-4827-bb14-92a5eb1b7a21}</UniqueIdentifier>
    </Filter>
    <Filter Include="Update\Discrete">
      <UniqueIdentifier>{c9972f2a-c80f-4f91-bf03-99f73dcf2a7c}</UniqueIdentifier>
    </Filter>
    <Filter Include="Tools\Data">
      <UniqueIdentifier>{3260bc8d-cb77-4e01-9aba-2c24c996540a}</UniqueIdentifier>
    </Filter>
    <Filter Include="SparseLinearAlgebra">
      <UniqueIdentifier>{cb0b44bd-8e85-47fa-b891-0a9e41f7d88f}</UniqueIdentifier>
    </Filter>
    <Filter Include="Measurement">
      <UniqueIdentifier>{919429bf-7879-4919-bc24-e4edef2b91a7}</UniqueIdentifier>
    </Filter>
    <Filter Include="Measurement\GaugeSmearing">
      <UniqueIdentifier>{dafabea5-5d56-4811-9ee3-15d3fee27451}</UniqueIdentifier>
    </Filter>
    <Filter Include="Data\Field\BoundaryField">
      <UniqueIdentifier>{d2abb76d-ad2f-4a4a-874a-fc8432db4a3e}</UniqueIdentifier>
    </Filter>
    <Filter Include="GaugeFixing">
      <UniqueIdentifier>{74273227-39c8-4451-b296-142591257ab3}</UniqueIdentifier>
    </Filter>
  </ItemGroup>
  <ItemGroup>
    <ClInclude Include="Tools\Timer.h">
      <Filter>Tools</Filter>
    </ClInclude>
    <ClInclude Include="CLGLib.h" />
    <ClInclude Include="CLGLib_Private.h" />
    <ClInclude Include="Core\CLGDefine.h">
      <Filter>Core</Filter>
    </ClInclude>
    <ClInclude Include="Tools\Tracer.h">
      <Filter>Tools</Filter>
    </ClInclude>
    <ClInclude Include="Core\CLGSetup.h">
      <Filter>Core</Filter>
    </ClInclude>
    <ClInclude Include="Platform\PlatformIncs.h">
      <Filter>Platform</Filter>
    </ClInclude>
    <ClInclude Include="Core\CLGLibManager.h">
      <Filter>Core</Filter>
    </ClInclude>
    <ClInclude Include="Core\CudaHelper.h">
      <Filter>Core</Filter>
    </ClInclude>
    <ClInclude Include="Core\CudaHelperFunctions.h">
      <Filter>Core</Filter>
    </ClInclude>
    <ClInclude Include="Tools\CYAMLParser.h">
      <Filter>Tools</Filter>
    </ClInclude>
    <ClInclude Include="Data\CCommonData.h">
      <Filter>Data</Filter>
    </ClInclude>
    <ClInclude Include="Data\Field\CField.h">
      <Filter>Data\Field</Filter>
    </ClInclude>
    <ClInclude Include="Data\Field\CFieldFermion.h">
      <Filter>Data\Field</Filter>
    </ClInclude>
    <ClInclude Include="Data\Field\CFieldGauge.h">
      <Filter>Data\Field</Filter>
    </ClInclude>
    <ClInclude Include="Data\Field\CFieldGaugeSU3.h">
      <Filter>Data\Field</Filter>
    </ClInclude>
    <ClInclude Include="Data\Field\CFieldGaugeZ2.h">
      <Filter>Data\Field</Filter>
    </ClInclude>
    <ClInclude Include="Data\Field\CFieldSpin.h">
      <Filter>Data\Field</Filter>
    </ClInclude>
    <ClInclude Include="Data\Lattice\CIndex.h">
      <Filter>Data\Lattice</Filter>
    </ClInclude>
    <ClInclude Include="Data\Lattice\CLatticeData.h">
      <Filter>Data\Lattice</Filter>
    </ClInclude>
    <ClInclude Include="Data\Action\CAction.h">
      <Filter>Data\Action</Filter>
    </ClInclude>
    <ClInclude Include="Data\Boundary\CBoundaryCondition.h">
      <Filter>Data\Boundary</Filter>
    </ClInclude>
    <ClInclude Include="Data\Lattice\CIndexSquare.h">
      <Filter>Data\Lattice</Filter>
    </ClInclude>
    <ClInclude Include="Data\Boundary\CBoundaryConditionTorusSquare.h">
      <Filter>Data\Boundary</Filter>
    </ClInclude>
    <ClInclude Include="Data\Action\CActionGaugePlaquette.h">
      <Filter>Data\Action</Filter>
    </ClInclude>
    <ClInclude Include="Tools\Math\Random.h">
      <Filter>Tools\Math</Filter>
    </ClInclude>
    <ClInclude Include="Tools\Math\CudaComplexFunction.h">
      <Filter>Tools\Math</Filter>
    </ClInclude>
    <ClInclude Include="Update\Continous\CHMC.h">
      <Filter>Update\Continous</Filter>
    </ClInclude>
    <ClInclude Include="Tools\Math\GammaMatrix.h">
      <Filter>Tools\Math</Filter>
    </ClInclude>
    <ClInclude Include="Update\Continous\CIntegrator.h">
      <Filter>Update\Continous</Filter>
    </ClInclude>
    <ClInclude Include="Update\Continous\CIntegratorLeapFrog.h">
      <Filter>Update\Continous</Filter>
    </ClInclude>
    <ClInclude Include="Update\Continous\CIntegratorOmelyan.h">
      <Filter>Update\Continous</Filter>
    </ClInclude>
    <ClInclude Include="Update\CUpdator.h">
      <Filter>Update</Filter>
    </ClInclude>
    <ClInclude Include="Tools\Data\CBitFlag.h">
      <Filter>Tools\Data</Filter>
    </ClInclude>
    <ClInclude Include="Tools\Data\CCString.h">
      <Filter>Tools\Data</Filter>
    </ClInclude>
    <ClInclude Include="Tools\Data\TemplateFunctions.h">
      <Filter>Tools\Data</Filter>
    </ClInclude>
    <ClInclude Include="Tools\Data\CLinkedList.h">
      <Filter>Tools\Data</Filter>
    </ClInclude>
    <ClInclude Include="Tools\Data\TArray.h">
      <Filter>Tools\Data</Filter>
    </ClInclude>
    <ClInclude Include="Tools\Data\THashMap.h">
      <Filter>Tools\Data</Filter>
    </ClInclude>
    <ClInclude Include="Tools\Data\MemStack.h">
      <Filter>Tools\Data</Filter>
    </ClInclude>
    <ClInclude Include="Tools\EnumGather.h">
      <Filter>Tools</Filter>
    </ClInclude>
    <ClInclude Include="Core\CBase.h">
      <Filter>Core</Filter>
    </ClInclude>
    <ClInclude Include="Core\CLGFloat.h">
      <Filter>Core</Filter>
    </ClInclude>
    <ClInclude Include="Tools\Math\Vectors.h">
      <Filter>Tools\Math</Filter>
    </ClInclude>
    <ClInclude Include="Data\Field\CFieldFermionWilsonSquareSU3.h">
      <Filter>Data\Field</Filter>
    </ClInclude>
    <ClInclude Include="Measurement\CMeasurementManager.h">
      <Filter>Measurement</Filter>
    </ClInclude>
    <ClInclude Include="Measurement\CMeasure.h">
      <Filter>Measurement</Filter>
    </ClInclude>
    <ClInclude Include="Measurement\CMeasurePlaqutteEnergy.h">
      <Filter>Measurement</Filter>
    </ClInclude>
    <ClInclude Include="Platform\CFile.h">
      <Filter>Platform</Filter>
    </ClInclude>
    <ClInclude Include="Data\Action\CActionFermionWilsonNf2.h">
      <Filter>Data\Action</Filter>
    </ClInclude>
    <ClInclude Include="Tools\Math\SU3.h">
      <Filter>Tools\Math</Filter>
    </ClInclude>
    <ClInclude Include="SparseLinearAlgebra\CSolverGMRES.h">
      <Filter>SparseLinearAlgebra</Filter>
    </ClInclude>
    <ClInclude Include="SparseLinearAlgebra\CSolverBiCGstab.h">
      <Filter>SparseLinearAlgebra</Filter>
    </ClInclude>
    <ClInclude Include="SparseLinearAlgebra\CSLASolver.h">
      <Filter>SparseLinearAlgebra</Filter>
    </ClInclude>
    <ClInclude Include="SparseLinearAlgebra\CSolverGCR.h">
      <Filter>SparseLinearAlgebra</Filter>
    </ClInclude>
    <ClInclude Include="Core\CCudaBuffer.h">
      <Filter>Core</Filter>
    </ClInclude>
    <ClInclude Include="Data\Field\CFieldScalar.h">
      <Filter>Data\Field</Filter>
    </ClInclude>
    <ClInclude Include="Measurement\CMeasureMesonCorrelator.h">
      <Filter>Measurement</Filter>
    </ClInclude>
    <ClInclude Include="Measurement\GaugeSmearing\CGaugeSmearing.h">
      <Filter>Measurement\GaugeSmearing</Filter>
    </ClInclude>
    <ClInclude Include="Measurement\GaugeSmearing\CGaugeSmearingAPEProj.h">
      <Filter>Measurement\GaugeSmearing</Filter>
    </ClInclude>
    <ClInclude Include="Measurement\GaugeSmearing\CGaugeSmearingAPEStout.h">
      <Filter>Measurement\GaugeSmearing</Filter>
    </ClInclude>
    <ClInclude Include="Platform\PlatformDefine.h">
      <Filter>Platform</Filter>
    </ClInclude>
    <ClInclude Include="Tools\Data\STDStringFunctions.h">
      <Filter>Tools\Data</Filter>
    </ClInclude>
    <ClInclude Include="Update\Continous\CIntegratorForceGradient.h">
      <Filter>Update\Continous</Filter>
    </ClInclude>
    <ClInclude Include="Update\Continous\CIntegratorNestedLeapFrog.h">
      <Filter>Update\Continous</Filter>
    </ClInclude>
    <ClInclude Include="Update\Continous\CIntegratorNestedOmelyan.h">
      <Filter>Update\Continous</Filter>
    </ClInclude>
    <ClInclude Include="Update\Continous\CIntegratorNestedForceGradient.h">
      <Filter>Update\Continous</Filter>
    </ClInclude>
    <ClInclude Include="Tools\Math\CLinearAlgebraHelper.h">
      <Filter>Tools\Math</Filter>
    </ClInclude>
    <ClInclude Include="SparseLinearAlgebra\CSolverGCRODR.h">
      <Filter>SparseLinearAlgebra</Filter>
    </ClInclude>
    <ClInclude Include="SparseLinearAlgebra\CSolverGMRESMDR.h">
      <Filter>SparseLinearAlgebra</Filter>
    </ClInclude>
    <ClInclude Include="Data\Boundary\CBoundaryConditionPeriodicAndDirichletSquare.h">
      <Filter>Data\Boundary</Filter>
    </ClInclude>
    <ClInclude Include="Data\Field\BoundaryField\CFieldBoundary.h">
      <Filter>Data\Field\BoundaryField</Filter>
    </ClInclude>
    <ClInclude Include="Data\Field\BoundaryField\CFieldBoundaryGaugeSU3.h">
      <Filter>Data\Field\BoundaryField</Filter>
    </ClInclude>
    <ClInclude Include="Data\Field\BoundaryField\CFieldBoundaryWilsonSquareSU3.h">
      <Filter>Data\Field\BoundaryField</Filter>
    </ClInclude>
    <ClInclude Include="Data\Lattice\CIndexData.h">
      <Filter>Data\Lattice</Filter>
    </ClInclude>
    <ClInclude Include="Data\Action\CActionGaugePlaquetteRotating.h">
      <Filter>Data\Action</Filter>
    </ClInclude>
    <ClInclude Include="Data\Field\CFieldGaugeSU3D.h">
      <Filter>Data\Field</Filter>
    </ClInclude>
    <ClInclude Include="Data\Field\CFieldFermionWilsonSquareSU3D.h">
      <Filter>Data\Field</Filter>
    </ClInclude>
    <ClInclude Include="Data\Field\CFieldFermionWilsonSquareSU3DR.h">
      <Filter>Data\Field</Filter>
    </ClInclude>
    <ClInclude Include="Measurement\CMeasureAMomentumJG.h">
      <Filter>Measurement</Filter>
    </ClInclude>
    <ClInclude Include="Measurement\CMeasureAMomentumJF.h">
      <Filter>Measurement</Filter>
    </ClInclude>
    <ClInclude Include="Measurement\CMeasureChargeAndCurrents.h">
      <Filter>Measurement</Filter>
    </ClInclude>
    <ClInclude Include="Measurement\CMeasurePolyakovXY.h">
      <Filter>Measurement</Filter>
    </ClInclude>
    <ClInclude Include="Measurement\CMeasureTopologicChargeXY.h">
      <Filter>Measurement</Filter>
    </ClInclude>
    <ClInclude Include="Measurement\CMeasureChiralCondensate.h">
      <Filter>Measurement</Filter>
    </ClInclude>
    <ClInclude Include="Measurement\CMeasurePolyakov.h">
      <Filter>Measurement</Filter>
    </ClInclude>
    <ClInclude Include="Measurement\CMeasureAMomentumStochastic.h">
      <Filter>Measurement</Filter>
    </ClInclude>
    <ClInclude Include="Tools\Math\CLGFFT.h">
      <Filter>Tools\Math</Filter>
    </ClInclude>
    <ClInclude Include="GaugeFixing\CGaugeFixing.h">
      <Filter>GaugeFixing</Filter>
    </ClInclude>
    <ClInclude Include="GaugeFixing\CGaugeFixingLandauCornell.h">
      <Filter>GaugeFixing</Filter>
    </ClInclude>
    <ClInclude Include="GaugeFixing\CGaugeFixingCoulombCornell.h">
      <Filter>GaugeFixing</Filter>
    </ClInclude>
    <ClInclude Include="GaugeFixing\CGaugeFixingLandauLosAlamos.h">
      <Filter>GaugeFixing</Filter>
    </ClInclude>
    <ClInclude Include="GaugeFixing\CGaugeFixingCoulombLosAlamos.h">
      <Filter>GaugeFixing</Filter>
    </ClInclude>
    <ClInclude Include="GaugeFixing\CGaugeFixingRandom.h">
      <Filter>GaugeFixing</Filter>
    </ClInclude>
    <ClInclude Include="Data\Field\CFieldFermionWilsonSquareSU3DEven.h">
      <Filter>Data\Field</Filter>
    </ClInclude>
    <ClInclude Include="Data\Field\CFieldFermionKSSU3.h">
      <Filter>Data\Field</Filter>
    </ClInclude>
    <ClInclude Include="Data\Field\CFieldFermionWilsonSquareSU3DREven.h">
      <Filter>Data\Field</Filter>
    </ClInclude>
    <ClInclude Include="Tools\Math\CRationalApproximation.h">
      <Filter>Tools\Math</Filter>
    </ClInclude>
    <ClInclude Include="Measurement\CMeasureAction.h">
      <Filter>Measurement</Filter>
    </ClInclude>
    <ClInclude Include="SparseLinearAlgebra\CMultiShiftGMRES.h">
      <Filter>SparseLinearAlgebra</Filter>
    </ClInclude>
    <ClInclude Include="SparseLinearAlgebra\CMultiShiftSolver.h">
      <Filter>SparseLinearAlgebra</Filter>
    </ClInclude>
    <ClInclude Include="SparseLinearAlgebra\CMultiShiftFOM.h">
      <Filter>SparseLinearAlgebra</Filter>
    </ClInclude>
    <ClInclude Include="SparseLinearAlgebra\CSolverTFQMR.h">
      <Filter>SparseLinearAlgebra</Filter>
    </ClInclude>
    <ClInclude Include="SparseLinearAlgebra\CMultiShiftBiCGStab.h">
      <Filter>SparseLinearAlgebra</Filter>
    </ClInclude>
    <ClInclude Include="Data\Action\CActionFermionKS.h">
      <Filter>Data\Action</Filter>
    </ClInclude>
    <ClInclude Include="Data\Action\CActionGaugePlaquetteAcceleration.h">
      <Filter>Data\Action</Filter>
    </ClInclude>
    <ClInclude Include="Data\Field\CFieldFermionWilsonSquareSU3Acc.h">
      <Filter>Data\Field</Filter>
    </ClInclude>
    <ClInclude Include="Data\Action\CActionGaugePlaquetteRigidAcc.h">
      <Filter>Data\Action</Filter>
    </ClInclude>
    <ClInclude Include="Data\Field\CFieldFermionWilsonSquareSU3DRigidAcc.h">
      <Filter>Data\Field</Filter>
    </ClInclude>
    <ClInclude Include="Data\Action\CActionGaugePlaquetteBoost.h">
      <Filter>Data\Action</Filter>
    </ClInclude>
    <ClInclude Include="Data\Field\CFieldFermionWilsonSquareSU3Boost.h">
      <Filter>Data\Field</Filter>
    </ClInclude>
    <ClInclude Include="Update\Continous\CIntegratorMultiLevelNestedForceGradient.h">
      <Filter>Update\Continous</Filter>
    </ClInclude>
    <ClInclude Include="Update\Continous\CIntegratorMultiLevelNestedOmelyan.h">
      <Filter>Update\Continous</Filter>
    </ClInclude>
    <ClInclude Include="Update\Continous\CIntegratorNested11Stage.h">
      <Filter>Update\Continous</Filter>
    </ClInclude>
    <ClInclude Include="Data\Boundary\CBoundaryConditionProjectivePlaneSquare.h">
      <Filter>Data\Boundary</Filter>
    </ClInclude>
    <ClInclude Include="Data\Field\CFieldFermionKSSU3DR.h">
      <Filter>Data\Field</Filter>
    </ClInclude>
    <ClInclude Include="Data\Field\CFieldFermionKSSU3D.h">
      <Filter>Data\Field</Filter>
    </ClInclude>
    <ClInclude Include="Data\Field\CFieldFermionKSSU3R.h">
      <Filter>Data\Field</Filter>
    </ClInclude>
    <ClInclude Include="Measurement\CMeasureWilsonLoop.h">
      <Filter>Measurement</Filter>
    </ClInclude>
    <ClInclude Include="Measurement\CMeasureMesonCorrelatorStaggered.h">
      <Filter>Measurement</Filter>
    </ClInclude>
    <ClInclude Include="Measurement\CMeasureChiralCondensateKS.h">
      <Filter>Measurement</Filter>
    </ClInclude>
    <ClInclude Include="Measurement\CMeasureConnectedChiralSusceptibilityKS.h">
      <Filter>Measurement</Filter>
    </ClInclude>
    <ClInclude Include="Data\Field\CFieldGaugeSU3TreeImproved.h">
      <Filter>Data\Field</Filter>
    </ClInclude>
    <ClInclude Include="Measurement\CMeasureMesonCorrelatorStaggeredSimple.h">
      <Filter>Measurement</Filter>
    </ClInclude>
    <ClInclude Include="Data\Field\CFieldFermionKSSU3EM.h">
      <Filter>Data\Field</Filter>
    </ClInclude>
    <ClInclude Include="SparseLinearAlgebra\CMultiShiftNested.h">
      <Filter>SparseLinearAlgebra</Filter>
    </ClInclude>
    <ClInclude Include="Data\Field\CFieldFermionKSSU3P4.h">
      <Filter>Data\Field</Filter>
    </ClInclude>
    <ClInclude Include="Data\Field\CFieldGaugeU1.h">
      <Filter>Data\Field</Filter>
    </ClInclude>
    <ClInclude Include="Measurement\CMeasureBerryPhase.h">
      <Filter>Measurement</Filter>
    </ClInclude>
    <ClInclude Include="Measurement\CMeasurePandChiralTalor.h">
      <Filter>Measurement</Filter>
    </ClInclude>
    <ClInclude Include="Measurement\CMeasureAngularMomentumKS.h">
      <Filter>Measurement</Filter>
    </ClInclude>
    <ClInclude Include="Tools\Data\CLGMD5.h">
      <Filter>Tools\Data</Filter>
    </ClInclude>
    <ClInclude Include="Measurement\CMeasureWilsonLoopWithPath.h">
      <Filter>Measurement</Filter>
    </ClInclude>
    <ClInclude Include="Data\Field\CFieldGaugeU1Real.h">
      <Filter>Data\Field</Filter>
    </ClInclude>
    <ClInclude Include="Measurement\CMeasureWilsonLoopXY.h">
      <Filter>Measurement</Filter>
    </ClInclude>
    <ClInclude Include="Data\Field\CFieldFermionKSU1.h">
      <Filter>Data\Field</Filter>
    </ClInclude>
    <ClInclude Include="Data\Action\CActionGaugePlaquetteRotatingU1.h">
      <Filter>Data\Action</Filter>
    </ClInclude>
    <ClInclude Include="Data\Field\BoundaryField\CFieldBoundaryGaugeU1.h">
      <Filter>Data\Field\BoundaryField</Filter>
    </ClInclude>
    <ClInclude Include="Data\Field\CFieldFermionKSU1R.h">
      <Filter>Data\Field</Filter>
    </ClInclude>
    <ClInclude Include="Data\Field\CFieldFermionKS.h">
      <Filter>Data\Field</Filter>
    </ClInclude>
    <ClInclude Include="Data\Field\CFieldFermionKSSU3REM.h">
      <Filter>Data\Field</Filter>
    </ClInclude>
    <ClInclude Include="Measurement\CMeasureAngularMomentumKSREM.h">
      <Filter>Measurement</Filter>
    </ClInclude>
    <ClInclude Include="Data\Action\CActionGaugePlaquetteBetaGradient.h">
      <Filter>Data\Action</Filter>
    </ClInclude>
    <ClInclude Include="Data\Field\CFieldFermionKSSU3Gamma.h">
      <Filter>Data\Field</Filter>
    </ClInclude>
    <ClInclude Include="Data\Field\CFieldFermionKSSU3GammaEM.h">
      <Filter>Data\Field</Filter>
    </ClInclude>
    <ClInclude Include="Data\Action\CActionGaugePlaquetteRotating3D.h">
      <Filter>Data\Action</Filter>
    </ClInclude>
    <ClInclude Include="Data\Action\CActionGaugePlaquetteRotatingU1_3D.h">
      <Filter>Data\Action</Filter>
    </ClInclude>
    <ClInclude Include="Measurement\CMeasurePolyakovU1XY.h">
      <Filter>Measurement</Filter>
    </ClInclude>
    <ClInclude Include="Measurement\CMeasurePolyakovXY3D.h">
      <Filter>Measurement</Filter>
    </ClInclude>
    <ClInclude Include="Measurement\CMeasurePandChiralTalorKS.h">
      <Filter>Measurement</Filter>
    </ClInclude>
  </ItemGroup>
  <ItemGroup>
    <ClCompile Include="Tools\Tracer.cpp">
      <Filter>Tools</Filter>
    </ClCompile>
    <ClCompile Include="Core\CLGLibManager.cpp">
      <Filter>Core</Filter>
    </ClCompile>
    <ClCompile Include="Tools\CYAMLParser.cpp">
      <Filter>Tools</Filter>
    </ClCompile>
    <ClCompile Include="Tools\Data\CCString.cpp">
      <Filter>Tools\Data</Filter>
    </ClCompile>
    <ClCompile Include="Data\Field\CField.cpp">
      <Filter>Data\Field</Filter>
    </ClCompile>
    <ClCompile Include="Update\Continous\CHMC.cpp">
      <Filter>Update\Continous</Filter>
    </ClCompile>
    <ClCompile Include="Data\Action\CActionGaugePlaquette.cpp">
      <Filter>Data\Action</Filter>
    </ClCompile>
    <ClCompile Include="Measurement\CMeasurePlaqutteEnergy.cpp">
      <Filter>Measurement</Filter>
    </ClCompile>
    <ClCompile Include="Measurement\CMeasurementManager.cpp">
      <Filter>Measurement</Filter>
    </ClCompile>
    <ClCompile Include="Update\Continous\CIntegratorOmelyan.cpp">
      <Filter>Update\Continous</Filter>
    </ClCompile>
    <ClCompile Include="SparseLinearAlgebra\CSolverGMRES.cpp">
      <Filter>SparseLinearAlgebra</Filter>
    </ClCompile>
    <ClCompile Include="SparseLinearAlgebra\CSolverGCR.cpp">
      <Filter>SparseLinearAlgebra</Filter>
    </ClCompile>
    <ClCompile Include="SparseLinearAlgebra\CSolverBiCGstab.cpp">
      <Filter>SparseLinearAlgebra</Filter>
    </ClCompile>
    <ClCompile Include="Data\Action\CActionFermionWilsonNf2.cpp">
      <Filter>Data\Action</Filter>
    </ClCompile>
    <ClCompile Include="Update\Continous\CIntegrator.cpp">
      <Filter>Update\Continous</Filter>
    </ClCompile>
    <ClCompile Include="Update\CUpdator.cpp">
      <Filter>Update</Filter>
    </ClCompile>
    <ClCompile Include="CLGLib_Private.cpp" />
    <ClCompile Include="Platform\CFile.cpp">
      <Filter>Platform</Filter>
    </ClCompile>
    <ClCompile Include="Update\Continous\CIntegratorForceGradient.cpp">
      <Filter>Update\Continous</Filter>
    </ClCompile>
    <ClCompile Include="Update\Continous\CIntegratorNestedForceGradient.cpp">
      <Filter>Update\Continous</Filter>
    </ClCompile>
    <ClCompile Include="Update\Continous\CIntegratorNestedLeapFrog.cpp">
      <Filter>Update\Continous</Filter>
    </ClCompile>
    <ClCompile Include="Update\Continous\CIntegratorNestedOmelyan.cpp">
      <Filter>Update\Continous</Filter>
    </ClCompile>
    <ClCompile Include="SparseLinearAlgebra\CSolverGMRESMDR.cpp">
      <Filter>SparseLinearAlgebra</Filter>
    </ClCompile>
    <ClCompile Include="SparseLinearAlgebra\CSolverGCRODR.cpp">
      <Filter>SparseLinearAlgebra</Filter>
    </ClCompile>
    <ClCompile Include="Measurement\CMeasureAction.cpp">
      <Filter>Measurement</Filter>
    </ClCompile>
    <ClCompile Include="SparseLinearAlgebra\CMultiShiftGMRES.cpp">
      <Filter>SparseLinearAlgebra</Filter>
    </ClCompile>
    <ClCompile Include="SparseLinearAlgebra\CMultiShiftFOM.cpp">
      <Filter>SparseLinearAlgebra</Filter>
    </ClCompile>
    <ClCompile Include="SparseLinearAlgebra\CSolverTFQMR.cpp">
      <Filter>SparseLinearAlgebra</Filter>
    </ClCompile>
    <ClCompile Include="SparseLinearAlgebra\CMultiShiftBiCGStab.cpp">
      <Filter>SparseLinearAlgebra</Filter>
    </ClCompile>
    <ClCompile Include="Data\Action\CActionFermionKS.cpp">
      <Filter>Data\Action</Filter>
    </ClCompile>
    <ClCompile Include="Update\Continous\CIntegratorMultiLevelNestedForceGradient.cpp">
      <Filter>Update\Continous</Filter>
    </ClCompile>
    <ClCompile Include="Update\Continous\CIntegratorMultiLevelNestedOmelyan.cpp">
      <Filter>Update\Continous</Filter>
    </ClCompile>
    <ClCompile Include="Update\Continous\CIntegratorNested11Stage.cpp">
      <Filter>Update\Continous</Filter>
    </ClCompile>
    <ClCompile Include="SparseLinearAlgebra\CMultiShiftNested.cpp">
      <Filter>SparseLinearAlgebra</Filter>
    </ClCompile>
  </ItemGroup>
  <ItemGroup>
    <Text Include="FileTemplate.txt" />
  </ItemGroup>
  <ItemGroup>
    <CudaCompile Include="Data\Field\CFieldGaugeSU3.cu">
      <Filter>Data\Field</Filter>
    </CudaCompile>
    <CudaCompile Include="Data\Lattice\CIndexSquare.cu">
      <Filter>Data\Lattice</Filter>
    </CudaCompile>
    <CudaCompile Include="Data\Boundary\CBoundaryConditionTorusSquare.cu">
      <Filter>Data\Boundary</Filter>
    </CudaCompile>
    <CudaCompile Include="Tools\Math\Random.cu">
      <Filter>Tools\Math</Filter>
    </CudaCompile>
    <CudaCompile Include="Core\CudaHelper.cu">
      <Filter>Core</Filter>
    </CudaCompile>
    <CudaCompile Include="Data\Field\CFieldFermionWilsonSquareSU3.cu">
      <Filter>Data\Field</Filter>
    </CudaCompile>
    <CudaCompile Include="Data\Lattice\CLatticeData.cu">
      <Filter>Data\Lattice</Filter>
    </CudaCompile>
    <CudaCompile Include="Data\Field\CFieldGauge.cu">
      <Filter>Data\Field</Filter>
    </CudaCompile>
    <CudaCompile Include="Measurement\CMeasureMesonCorrelator.cu">
      <Filter>Measurement</Filter>
    </CudaCompile>
    <CudaCompile Include="Measurement\GaugeSmearing\CGaugeSmearingAPEProj.cu">
      <Filter>Measurement\GaugeSmearing</Filter>
    </CudaCompile>
    <CudaCompile Include="Measurement\GaugeSmearing\CGaugeSmearingAPEStout.cu">
      <Filter>Measurement\GaugeSmearing</Filter>
    </CudaCompile>
    <CudaCompile Include="Tools\Math\CLinearAlgebraHelper.cu">
      <Filter>Tools\Math</Filter>
    </CudaCompile>
    <CudaCompile Include="Data\Field\BoundaryField\CFieldBoundaryGaugeSU3.cu">
      <Filter>Data\Field\BoundaryField</Filter>
    </CudaCompile>
    <CudaCompile Include="Data\Field\BoundaryField\CFieldBoundaryWilsonSquareSU3.cu">
      <Filter>Data\Field\BoundaryField</Filter>
    </CudaCompile>
    <CudaCompile Include="Data\Boundary\CBoundaryConditionPeriodicAndDirichletSquare.cu">
      <Filter>Data\Boundary</Filter>
    </CudaCompile>
    <CudaCompile Include="Data\Lattice\CIndexData.cu">
      <Filter>Data\Lattice</Filter>
    </CudaCompile>
    <CudaCompile Include="Data\Action\CActionGaugePlaquetteRotating.cu">
      <Filter>Data\Action</Filter>
    </CudaCompile>
    <CudaCompile Include="Data\Field\CFieldGaugeSU3D.cu">
      <Filter>Data\Field</Filter>
    </CudaCompile>
    <CudaCompile Include="Data\Field\CFieldFermionWilsonSquareSU3D.cu">
      <Filter>Data\Field</Filter>
    </CudaCompile>
    <CudaCompile Include="Data\Field\CFieldFermionWilsonSquareSU3DR.cu">
      <Filter>Data\Field</Filter>
    </CudaCompile>
    <CudaCompile Include="Measurement\CMeasureAMomentumJG.cu">
      <Filter>Measurement</Filter>
    </CudaCompile>
    <CudaCompile Include="Measurement\CMeasureAMomentumJF.cu">
      <Filter>Measurement</Filter>
    </CudaCompile>
    <CudaCompile Include="Measurement\CMeasureChargeAndCurrents.cu">
      <Filter>Measurement</Filter>
    </CudaCompile>
    <CudaCompile Include="Measurement\CMeasurePolyakovXY.cu">
      <Filter>Measurement</Filter>
    </CudaCompile>
    <CudaCompile Include="Measurement\CMeasureTopologicChargeXY.cu">
      <Filter>Measurement</Filter>
    </CudaCompile>
    <CudaCompile Include="Measurement\CMeasurePolyakov.cu">
      <Filter>Measurement</Filter>
    </CudaCompile>
    <CudaCompile Include="Measurement\CMeasureChiralCondensate.cu">
      <Filter>Measurement</Filter>
    </CudaCompile>
    <CudaCompile Include="Measurement\CMeasureAMomentumStochastic.cu">
      <Filter>Measurement</Filter>
    </CudaCompile>
    <CudaCompile Include="Tools\Math\CLGFFT.cu">
      <Filter>Tools\Math</Filter>
    </CudaCompile>
    <CudaCompile Include="GaugeFixing\CGaugeFixingLandauCornell.cu">
      <Filter>GaugeFixing</Filter>
    </CudaCompile>
    <CudaCompile Include="GaugeFixing\CGaugeFixingCoulombCornell.cu">
      <Filter>GaugeFixing</Filter>
    </CudaCompile>
    <CudaCompile Include="GaugeFixing\CGaugeFixingLandauLosAlamos.cu">
      <Filter>GaugeFixing</Filter>
    </CudaCompile>
    <CudaCompile Include="GaugeFixing\CGaugeFixingCoulombLosAlamos.cu">
      <Filter>GaugeFixing</Filter>
    </CudaCompile>
    <CudaCompile Include="GaugeFixing\CGaugeFixingRandom.cu">
      <Filter>GaugeFixing</Filter>
    </CudaCompile>
    <CudaCompile Include="Measurement\CMeasure.cu">
      <Filter>Measurement</Filter>
    </CudaCompile>
    <CudaCompile Include="Data\Field\CFieldFermionWilsonSquareSU3DEven.cu">
      <Filter>Data\Field</Filter>
    </CudaCompile>
    <CudaCompile Include="Data\Field\CFieldFermionKSSU3.cu">
      <Filter>Data\Field</Filter>
    </CudaCompile>
    <CudaCompile Include="Data\Field\CFieldFermionWilsonSquareSU3DREven.cu">
      <Filter>Data\Field</Filter>
    </CudaCompile>
    <CudaCompile Include="Data\Action\CActionGaugePlaquetteAcceleration.cu">
      <Filter>Data\Action</Filter>
    </CudaCompile>
    <CudaCompile Include="Data\Field\CFieldFermionWilsonSquareSU3Acc.cu">
      <Filter>Data\Field</Filter>
    </CudaCompile>
    <CudaCompile Include="Data\Action\CActionGaugePlaquetteRigidAcc.cu">
      <Filter>Data\Action</Filter>
    </CudaCompile>
    <CudaCompile Include="Data\Field\CFieldFermionWilsonSquareSU3DRigidAcc.cu">
      <Filter>Data\Field</Filter>
    </CudaCompile>
    <CudaCompile Include="Data\Action\CActionGaugePlaquetteBoost.cu">
      <Filter>Data\Action</Filter>
    </CudaCompile>
    <CudaCompile Include="Data\Field\CFieldFermionWilsonSquareSU3Boost.cu">
      <Filter>Data\Field</Filter>
    </CudaCompile>
    <CudaCompile Include="Data\Boundary\CBoundaryConditionProjectivePlaneSquare.cu">
      <Filter>Data\Boundary</Filter>
    </CudaCompile>
    <CudaCompile Include="Data\Field\CFieldFermionKSSU3DR.cu">
      <Filter>Data\Field</Filter>
    </CudaCompile>
    <CudaCompile Include="Data\Field\CFieldFermionKSSU3D.cu">
      <Filter>Data\Field</Filter>
    </CudaCompile>
    <CudaCompile Include="Data\Field\CFieldFermionKSSU3R.cu">
      <Filter>Data\Field</Filter>
    </CudaCompile>
    <CudaCompile Include="Measurement\CMeasureWilsonLoop.cu">
      <Filter>Measurement</Filter>
    </CudaCompile>
    <CudaCompile Include="Measurement\CMeasureMesonCorrelatorStaggered.cu">
      <Filter>Measurement</Filter>
    </CudaCompile>
    <CudaCompile Include="Measurement\CMeasureChiralCondensateKS.cu">
      <Filter>Measurement</Filter>
    </CudaCompile>
    <CudaCompile Include="Measurement\CMeasureConnectedChiralSusceptibilityKS.cu">
      <Filter>Measurement</Filter>
    </CudaCompile>
    <CudaCompile Include="Data\Field\CFieldGaugeSU3TreeImproved.cu">
      <Filter>Data\Field</Filter>
    </CudaCompile>
    <CudaCompile Include="Measurement\GaugeSmearing\CGaugeSmearing.cu">
      <Filter>Measurement\GaugeSmearing</Filter>
    </CudaCompile>
    <CudaCompile Include="Measurement\CMeasureMesonCorrelatorStaggeredSimple.cu">
      <Filter>Measurement</Filter>
    </CudaCompile>
    <CudaCompile Include="Data\Field\CFieldFermionKSSU3EM.cu">
      <Filter>Data\Field</Filter>
    </CudaCompile>
    <CudaCompile Include="Data\Field\CFieldFermionKSSU3P4.cu">
      <Filter>Data\Field</Filter>
    </CudaCompile>
    <CudaCompile Include="Data\Field\CFieldGaugeU1.cu">
      <Filter>Data\Field</Filter>
    </CudaCompile>
    <CudaCompile Include="Measurement\CMeasureBerryPhase.cu">
      <Filter>Measurement</Filter>
    </CudaCompile>
    <CudaCompile Include="Measurement\CMeasurePandChiralTalor.cu">
      <Filter>Measurement</Filter>
    </CudaCompile>
    <CudaCompile Include="Measurement\CMeasureAngularMomentumKS.cu">
      <Filter>Measurement</Filter>
    </CudaCompile>
    <CudaCompile Include="Measurement\CMeasureWilsonLoopWithPath.cu">
      <Filter>Measurement</Filter>
    </CudaCompile>
    <CudaCompile Include="Data\Field\CFieldGaugeU1Real.cu">
      <Filter>Data\Field</Filter>
    </CudaCompile>
    <CudaCompile Include="Measurement\CMeasureWilsonLoopXY.cu">
      <Filter>Measurement</Filter>
    </CudaCompile>
    <CudaCompile Include="Data\Field\CFieldFermionKSU1.cu">
      <Filter>Data\Field</Filter>
    </CudaCompile>
    <CudaCompile Include="Data\Action\CActionGaugePlaquetteRotatingU1.cu">
      <Filter>Data\Action</Filter>
    </CudaCompile>
    <CudaCompile Include="Data\Field\BoundaryField\CFieldBoundaryGaugeU1.cu">
      <Filter>Data\Field\BoundaryField</Filter>
    </CudaCompile>
    <CudaCompile Include="Data\Field\CFieldFermionKSU1R.cu">
      <Filter>Data\Field</Filter>
    </CudaCompile>
    <CudaCompile Include="Data\Field\CFieldFermionKSSU3REM.cu">
      <Filter>Data\Field</Filter>
    </CudaCompile>
    <CudaCompile Include="Measurement\CMeasureAngularMomentumKSREM.cu">
      <Filter>Measurement</Filter>
    </CudaCompile>
    <CudaCompile Include="Data\Action\CActionGaugePlaquetteBetaGradient.cu">
      <Filter>Data\Action</Filter>
    </CudaCompile>
    <CudaCompile Include="Data\Field\CFieldFermionKSSU3Gamma.cu">
      <Filter>Data\Field</Filter>
    </CudaCompile>
    <CudaCompile Include="Data\Field\CFieldFermionKSSU3GammaEM.cu">
      <Filter>Data\Field</Filter>
    </CudaCompile>
    <CudaCompile Include="Data\Action\CActionGaugePlaquetteRotating3D.cu">
      <Filter>Data\Action</Filter>
    </CudaCompile>
    <CudaCompile Include="Data\Action\CActionGaugePlaquetteRotatingU1_3D.cu">
      <Filter>Data\Action</Filter>
    </CudaCompile>
    <CudaCompile Include="Measurement\CMeasurePolyakovU1XY.cu">
      <Filter>Measurement</Filter>
    </CudaCompile>
    <CudaCompile Include="Measurement\CMeasurePolyakovXY3D.cu">
      <Filter>Measurement</Filter>
    </CudaCompile>
    <CudaCompile Include="Measurement\CMeasurePandChiralTalorKS.cu">
      <Filter>Measurement</Filter>
    </CudaCompile>
  </ItemGroup>
  <ItemGroup>
    <None Include="cpp.hint" />
  </ItemGroup>
</Project>